// !$*UTF8*$!
{
	archiveVersion = 1;
	classes = {
	};
	objectVersion = 46;
	objects = {

/* Begin PBXBuildFile section */
		841081981EACA1DD00C8EB04 /* main.m in Sources */ = {isa = PBXBuildFile; fileRef = 841081971EACA1DD00C8EB04 /* main.m */; };
		8410819B1EACA1DD00C8EB04 /* AppDelegate.m in Sources */ = {isa = PBXBuildFile; fileRef = 8410819A1EACA1DD00C8EB04 /* AppDelegate.m */; };
		8410819E1EACA1DD00C8EB04 /* ViewController.m in Sources */ = {isa = PBXBuildFile; fileRef = 8410819D1EACA1DD00C8EB04 /* ViewController.m */; };
		841081A11EACA1DD00C8EB04 /* Main.storyboard in Resources */ = {isa = PBXBuildFile; fileRef = 8410819F1EACA1DD00C8EB04 /* Main.storyboard */; };
		841081A31EACA1DD00C8EB04 /* Images.xcassets in Resources */ = {isa = PBXBuildFile; fileRef = 841081A21EACA1DD00C8EB04 /* Images.xcassets */; };
		841081A61EACA1DD00C8EB04 /* LaunchScreen.xib in Resources */ = {isa = PBXBuildFile; fileRef = 841081A41EACA1DD00C8EB04 /* LaunchScreen.xib */; };
		841081B21EACA1DD00C8EB04 /* Lab7_1Tests.m in Sources */ = {isa = PBXBuildFile; fileRef = 841081B11EACA1DD00C8EB04 /* Lab7_1Tests.m */; };
/* End PBXBuildFile section */

/* Begin PBXContainerItemProxy section */
		841081AC1EACA1DD00C8EB04 /* PBXContainerItemProxy */ = {
			isa = PBXContainerItemProxy;
			containerPortal = 8410818A1EACA1DD00C8EB04 /* Project object */;
			proxyType = 1;
			remoteGlobalIDString = 841081911EACA1DD00C8EB04;
			remoteInfo = Lab7_1;
		};
/* End PBXContainerItemProxy section */

/* Begin PBXFileReference section */
		841081921EACA1DD00C8EB04 /* Lab7_1.app */ = {isa = PBXFileReference; explicitFileType = wrapper.application; includeInIndex = 0; path = Lab7_1.app; sourceTree = BUILT_PRODUCTS_DIR; };
		841081961EACA1DD00C8EB04 /* Info.plist */ = {isa = PBXFileReference; lastKnownFileType = text.plist.xml; path = Info.plist; sourceTree = "<group>"; };
		841081971EACA1DD00C8EB04 /* main.m */ = {isa = PBXFileReference; lastKnownFileType = sourcecode.c.objc; path = main.m; sourceTree = "<group>"; };
		841081991EACA1DD00C8EB04 /* AppDelegate.h */ = {isa = PBXFileReference; lastKnownFileType = sourcecode.c.h; path = AppDelegate.h; sourceTree = "<group>"; };
		8410819A1EACA1DD00C8EB04 /* AppDelegate.m */ = {isa = PBXFileReference; lastKnownFileType = sourcecode.c.objc; path = AppDelegate.m; sourceTree = "<group>"; };
		8410819C1EACA1DD00C8EB04 /* ViewController.h */ = {isa = PBXFileReference; lastKnownFileType = sourcecode.c.h; path = ViewController.h; sourceTree = "<group>"; };
		8410819D1EACA1DD00C8EB04 /* ViewController.m */ = {isa = PBXFileReference; lastKnownFileType = sourcecode.c.objc; path = ViewController.m; sourceTree = "<group>"; };
		841081A01EACA1DD00C8EB04 /* Base */ = {isa = PBXFileReference; lastKnownFileType = file.storyboard; name = Base; path = Base.lproj/Main.storyboard; sourceTree = "<group>"; };
		841081A21EACA1DD00C8EB04 /* Images.xcassets */ = {isa = PBXFileReference; lastKnownFileType = folder.assetcatalog; path = Images.xcassets; sourceTree = "<group>"; };
		841081A51EACA1DD00C8EB04 /* Base */ = {isa = PBXFileReference; lastKnownFileType = file.xib; name = Base; path = Base.lproj/LaunchScreen.xib; sourceTree = "<group>"; };
		841081AB1EACA1DD00C8EB04 /* Lab7_1Tests.xctest */ = {isa = PBXFileReference; explicitFileType = wrapper.cfbundle; includeInIndex = 0; path = Lab7_1Tests.xctest; sourceTree = BUILT_PRODUCTS_DIR; };
		841081B01EACA1DD00C8EB04 /* Info.plist */ = {isa = PBXFileReference; lastKnownFileType = text.plist.xml; path = Info.plist; sourceTree = "<group>"; };
		841081B11EACA1DD00C8EB04 /* Lab7_1Tests.m */ = {isa = PBXFileReference; lastKnownFileType = sourcecode.c.objc; path = Lab7_1Tests.m; sourceTree = "<group>"; };
/* End PBXFileReference section */

/* Begin PBXFrameworksBuildPhase section */
		8410818F1EACA1DD00C8EB04 /* Frameworks */ = {
			isa = PBXFrameworksBuildPhase;
			buildActionMask = 2147483647;
			files = (
			);
			runOnlyForDeploymentPostprocessing = 0;
		};
		841081A81EACA1DD00C8EB04 /* Frameworks */ = {
			isa = PBXFrameworksBuildPhase;
			buildActionMask = 2147483647;
			files = (
			);
			runOnlyForDeploymentPostprocessing = 0;
		};
/* End PBXFrameworksBuildPhase section */

/* Begin PBXGroup section */
		841081891EACA1DD00C8EB04 = {
			isa = PBXGroup;
			children = (
				841081941EACA1DD00C8EB04 /* Lab7_1 */,
				841081AE1EACA1DD00C8EB04 /* Lab7_1Tests */,
				841081931EACA1DD00C8EB04 /* Products */,
			);
			sourceTree = "<group>";
		};
		841081931EACA1DD00C8EB04 /* Products */ = {
			isa = PBXGroup;
			children = (
				841081921EACA1DD00C8EB04 /* Lab7_1.app */,
				841081AB1EACA1DD00C8EB04 /* Lab7_1Tests.xctest */,
			);
			name = Products;
			sourceTree = "<group>";
		};
		841081941EACA1DD00C8EB04 /* Lab7_1 */ = {
			isa = PBXGroup;
			children = (
				841081991EACA1DD00C8EB04 /* AppDelegate.h */,
				8410819A1EACA1DD00C8EB04 /* AppDelegate.m */,
				8410819C1EACA1DD00C8EB04 /* ViewController.h */,
				8410819D1EACA1DD00C8EB04 /* ViewController.m */,
				8410819F1EACA1DD00C8EB04 /* Main.storyboard */,
				841081A21EACA1DD00C8EB04 /* Images.xcassets */,
				841081A41EACA1DD00C8EB04 /* LaunchScreen.xib */,
				841081951EACA1DD00C8EB04 /* Supporting Files */,
			);
			path = Lab7_1;
			sourceTree = "<group>";
		};
		841081951EACA1DD00C8EB04 /* Supporting Files */ = {
			isa = PBXGroup;
			children = (
				841081961EACA1DD00C8EB04 /* Info.plist */,
				841081971EACA1DD00C8EB04 /* main.m */,
			);
			name = "Supporting Files";
			sourceTree = "<group>";
		};
		841081AE1EACA1DD00C8EB04 /* Lab7_1Tests */ = {
			isa = PBXGroup;
			children = (
				841081B11EACA1DD00C8EB04 /* Lab7_1Tests.m */,
				841081AF1EACA1DD00C8EB04 /* Supporting Files */,
			);
			path = Lab7_1Tests;
			sourceTree = "<group>";
		};
		841081AF1EACA1DD00C8EB04 /* Supporting Files */ = {
			isa = PBXGroup;
			children = (
				841081B01EACA1DD00C8EB04 /* Info.plist */,
			);
			name = "Supporting Files";
			sourceTree = "<group>";
		};
/* End PBXGroup section */

/* Begin PBXNativeTarget section */
		841081911EACA1DD00C8EB04 /* Lab7_1 */ = {
			isa = PBXNativeTarget;
			buildConfigurationList = 841081B51EACA1DD00C8EB04 /* Build configuration list for PBXNativeTarget "Lab7_1" */;
			buildPhases = (
				8410818E1EACA1DD00C8EB04 /* Sources */,
				8410818F1EACA1DD00C8EB04 /* Frameworks */,
				841081901EACA1DD00C8EB04 /* Resources */,
			);
			buildRules = (
			);
			dependencies = (
			);
			name = Lab7_1;
			productName = Lab7_1;
			productReference = 841081921EACA1DD00C8EB04 /* Lab7_1.app */;
			productType = "com.apple.product-type.application";
		};
		841081AA1EACA1DD00C8EB04 /* Lab7_1Tests */ = {
			isa = PBXNativeTarget;
			buildConfigurationList = 841081B81EACA1DD00C8EB04 /* Build configuration list for PBXNativeTarget "Lab7_1Tests" */;
			buildPhases = (
				841081A71EACA1DD00C8EB04 /* Sources */,
				841081A81EACA1DD00C8EB04 /* Frameworks */,
				841081A91EACA1DD00C8EB04 /* Resources */,
			);
			buildRules = (
			);
			dependencies = (
				841081AD1EACA1DD00C8EB04 /* PBXTargetDependency */,
			);
			name = Lab7_1Tests;
			productName = Lab7_1Tests;
			productReference = 841081AB1EACA1DD00C8EB04 /* Lab7_1Tests.xctest */;
			productType = "com.apple.product-type.bundle.unit-test";
		};
/* End PBXNativeTarget section */

/* Begin PBXProject section */
		8410818A1EACA1DD00C8EB04 /* Project object */ = {
			isa = PBXProject;
			attributes = {
				LastUpgradeCheck = 0620;
				ORGANIZATIONNAME = "Yury Struchkou";
				TargetAttributes = {
					841081911EACA1DD00C8EB04 = {
						CreatedOnToolsVersion = 6.2;
					};
					841081AA1EACA1DD00C8EB04 = {
						CreatedOnToolsVersion = 6.2;
						TestTargetID = 841081911EACA1DD00C8EB04;
					};
				};
			};
			buildConfigurationList = 8410818D1EACA1DD00C8EB04 /* Build configuration list for PBXProject "Lab7_1" */;
			compatibilityVersion = "Xcode 3.2";
			developmentRegion = English;
			hasScannedForEncodings = 0;
			knownRegions = (
				en,
				Base,
			);
			mainGroup = 841081891EACA1DD00C8EB04;
			productRefGroup = 841081931EACA1DD00C8EB04 /* Products */;
			projectDirPath = "";
			projectRoot = "";
			targets = (
				841081911EACA1DD00C8EB04 /* Lab7_1 */,
				841081AA1EACA1DD00C8EB04 /* Lab7_1Tests */,
			);
		};
/* End PBXProject section */

/* Begin PBXResourcesBuildPhase section */
		841081901EACA1DD00C8EB04 /* Resources */ = {
			isa = PBXResourcesBuildPhase;
			buildActionMask = 2147483647;
			files = (
				841081A11EACA1DD00C8EB04 /* Main.storyboard in Resources */,
				841081A61EACA1DD00C8EB04 /* LaunchScreen.xib in Resources */,
				841081A31EACA1DD00C8EB04 /* Images.xcassets in Resources */,
			);
			runOnlyForDeploymentPostprocessing = 0;
		};
		841081A91EACA1DD00C8EB04 /* Resources */ = {
			isa = PBXResourcesBuildPhase;
			buildActionMask = 2147483647;
			files = (
			);
			runOnlyForDeploymentPostprocessing = 0;
		};
/* End PBXResourcesBuildPhase section */

/* Begin PBXSourcesBuildPhase section */
		8410818E1EACA1DD00C8EB04 /* Sources */ = {
			isa = PBXSourcesBuildPhase;
			buildActionMask = 2147483647;
			files = (
				8410819E1EACA1DD00C8EB04 /* ViewController.m in Sources */,
				8410819B1EACA1DD00C8EB04 /* AppDelegate.m in Sources */,
				841081981EACA1DD00C8EB04 /* main.m in Sources */,
			);
			runOnlyForDeploymentPostprocessing = 0;
		};
		841081A71EACA1DD00C8EB04 /* Sources */ = {
			isa = PBXSourcesBuildPhase;
			buildActionMask = 2147483647;
			files = (
				841081B21EACA1DD00C8EB04 /* Lab7_1Tests.m in Sources */,
			);
			runOnlyForDeploymentPostprocessing = 0;
		};
/* End PBXSourcesBuildPhase section */

/* Begin PBXTargetDependency section */
		841081AD1EACA1DD00C8EB04 /* PBXTargetDependency */ = {
			isa = PBXTargetDependency;
			target = 841081911EACA1DD00C8EB04 /* Lab7_1 */;
			targetProxy = 841081AC1EACA1DD00C8EB04 /* PBXContainerItemProxy */;
		};
/* End PBXTargetDependency section */

/* Begin PBXVariantGroup section */
		8410819F1EACA1DD00C8EB04 /* Main.storyboard */ = {
			isa = PBXVariantGroup;
			children = (
				841081A01EACA1DD00C8EB04 /* Base */,
			);
			name = Main.storyboard;
			sourceTree = "<group>";
		};
		841081A41EACA1DD00C8EB04 /* LaunchScreen.xib */ = {
			isa = PBXVariantGroup;
			children = (
				841081A51EACA1DD00C8EB04 /* Base */,
			);
			name = LaunchScreen.xib;
			sourceTree = "<group>";
		};
/* End PBXVariantGroup section */

/* Begin XCBuildConfiguration section */
		841081B31EACA1DD00C8EB04 /* Debug */ = {
			isa = XCBuildConfiguration;
			buildSettings = {
				ALWAYS_SEARCH_USER_PATHS = NO;
				CLANG_CXX_LANGUAGE_STANDARD = "gnu++0x";
				CLANG_CXX_LIBRARY = "libc++";
				CLANG_ENABLE_MODULES = YES;
				CLANG_ENABLE_OBJC_ARC = YES;
				CLANG_WARN_BOOL_CONVERSION = YES;
				CLANG_WARN_CONSTANT_CONVERSION = YES;
				CLANG_WARN_DIRECT_OBJC_ISA_USAGE = YES_ERROR;
				CLANG_WARN_EMPTY_BODY = YES;
				CLANG_WARN_ENUM_CONVERSION = YES;
				CLANG_WARN_INT_CONVERSION = YES;
				CLANG_WARN_OBJC_ROOT_CLASS = YES_ERROR;
				CLANG_WARN_UNREACHABLE_CODE = YES;
				CLANG_WARN__DUPLICATE_METHOD_MATCH = YES;
				"CODE_SIGN_IDENTITY[sdk=iphoneos*]" = "iPhone Developer";
				COPY_PHASE_STRIP = NO;
				ENABLE_STRICT_OBJC_MSGSEND = YES;
				GCC_C_LANGUAGE_STANDARD = gnu99;
				GCC_DYNAMIC_NO_PIC = NO;
				GCC_OPTIMIZATION_LEVEL = 0;
				GCC_PREPROCESSOR_DEFINITIONS = (
					"DEBUG=1",
					"$(inherited)",
				);
				GCC_SYMBOLS_PRIVATE_EXTERN = NO;
				GCC_WARN_64_TO_32_BIT_CONVERSION = YES;
				GCC_WARN_ABOUT_RETURN_TYPE = YES_ERROR;
				GCC_WARN_UNDECLARED_SELECTOR = YES;
				GCC_WARN_UNINITIALIZED_AUTOS = YES_AGGRESSIVE;
				GCC_WARN_UNUSED_FUNCTION = YES;
				GCC_WARN_UNUSED_VARIABLE = YES;
				IPHONEOS_DEPLOYMENT_TARGET = 8.2;
				MTL_ENABLE_DEBUG_INFO = YES;
				ONLY_ACTIVE_ARCH = YES;
				SDKROOT = iphoneos;
			};
			name = Debug;
		};
		841081B41EACA1DD00C8EB04 /* Release */ = {
			isa = XCBuildConfiguration;
			buildSettings = {
				ALWAYS_SEARCH_USER_PATHS = NO;
				CLANG_CXX_LANGUAGE_STANDARD = "gnu++0x";
				CLANG_CXX_LIBRARY = "libc++";
				CLANG_ENABLE_MODULES = YES;
				CLANG_ENABLE_OBJC_ARC = YES;
				CLANG_WARN_BOOL_CONVERSION = YES;
				CLANG_WARN_CONSTANT_CONVERSION = YES;
				CLANG_WARN_DIRECT_OBJC_ISA_USAGE = YES_ERROR;
				CLANG_WARN_EMPTY_BODY = YES;
				CLANG_WARN_ENUM_CONVERSION = YES;
				CLANG_WARN_INT_CONVERSION = YES;
				CLANG_WARN_OBJC_ROOT_CLASS = YES_ERROR;
				CLANG_WARN_UNREACHABLE_CODE = YES;
				CLANG_WARN__DUPLICATE_METHOD_MATCH = YES;
				"CODE_SIGN_IDENTITY[sdk=iphoneos*]" = "iPhone Developer";
				COPY_PHASE_STRIP = NO;
				ENABLE_NS_ASSERTIONS = NO;
				ENABLE_STRICT_OBJC_MSGSEND = YES;
				GCC_C_LANGUAGE_STANDARD = gnu99;
				GCC_WARN_64_TO_32_BIT_CONVERSION = YES;
				GCC_WARN_ABOUT_RETURN_TYPE = YES_ERROR;
				GCC_WARN_UNDECLARED_SELECTOR = YES;
				GCC_WARN_UNINITIALIZED_AUTOS = YES_AGGRESSIVE;
				GCC_WARN_UNUSED_FUNCTION = YES;
				GCC_WARN_UNUSED_VARIABLE = YES;
				IPHONEOS_DEPLOYMENT_TARGET = 8.2;
				MTL_ENABLE_DEBUG_INFO = NO;
				SDKROOT = iphoneos;
				VALIDATE_PRODUCT = YES;
			};
			name = Release;
		};
		841081B61EACA1DD00C8EB04 /* Debug */ = {
			isa = XCBuildConfiguration;
			buildSettings = {
				ASSETCATALOG_COMPILER_APPICON_NAME = AppIcon;
				INFOPLIST_FILE = Lab7_1/Info.plist;
				LD_RUNPATH_SEARCH_PATHS = "$(inherited) @executable_path/Frameworks";
				PRODUCT_NAME = "$(TARGET_NAME)";
			};
			name = Debug;
		};
		841081B71EACA1DD00C8EB04 /* Release */ = {
			isa = XCBuildConfiguration;
			buildSettings = {
				ASSETCATALOG_COMPILER_APPICON_NAME = AppIcon;
				INFOPLIST_FILE = Lab7_1/Info.plist;
				LD_RUNPATH_SEARCH_PATHS = "$(inherited) @executable_path/Frameworks";
				PRODUCT_NAME = "$(TARGET_NAME)";
			};
			name = Release;
		};
		841081B91EACA1DD00C8EB04 /* Debug */ = {
			isa = XCBuildConfiguration;
			buildSettings = {
				BUNDLE_LOADER = "$(TEST_HOST)";
				FRAMEWORK_SEARCH_PATHS = (
					"$(SDKROOT)/Developer/Library/Frameworks",
					"$(inherited)",
				);
				GCC_PREPROCESSOR_DEFINITIONS = (
					"DEBUG=1",
					"$(inherited)",
				);
				INFOPLIST_FILE = Lab7_1Tests/Info.plist;
				LD_RUNPATH_SEARCH_PATHS = "$(inherited) @executable_path/Frameworks @loader_path/Frameworks";
				PRODUCT_NAME = "$(TARGET_NAME)";
				TEST_HOST = "$(BUILT_PRODUCTS_DIR)/Lab7_1.app/Lab7_1";
			};
			name = Debug;
		};
		841081BA1EACA1DD00C8EB04 /* Release */ = {
			isa = XCBuildConfiguration;
			buildSettings = {
				BUNDLE_LOADER = "$(TEST_HOST)";
				FRAMEWORK_SEARCH_PATHS = (
					"$(SDKROOT)/Developer/Library/Frameworks",
					"$(inherited)",
				);
				INFOPLIST_FILE = Lab7_1Tests/Info.plist;
				LD_RUNPATH_SEARCH_PATHS = "$(inherited) @executable_path/Frameworks @loader_path/Frameworks";
				PRODUCT_NAME = "$(TARGET_NAME)";
				TEST_HOST = "$(BUILT_PRODUCTS_DIR)/Lab7_1.app/Lab7_1";
			};
			name = Release;
		};
/* End XCBuildConfiguration section */

/* Begin XCConfigurationList section */
		8410818D1EACA1DD00C8EB04 /* Build configuration list for PBXProject "Lab7_1" */ = {
			isa = XCConfigurationList;
			buildConfigurations = (
				841081B31EACA1DD00C8EB04 /* Debug */,
				841081B41EACA1DD00C8EB04 /* Release */,
			);
			defaultConfigurationIsVisible = 0;
			defaultConfigurationName = Release;
		};
		841081B51EACA1DD00C8EB04 /* Build configuration list for PBXNativeTarget "Lab7_1" */ = {
			isa = XCConfigurationList;
			buildConfigurations = (
				841081B61EACA1DD00C8EB04 /* Debug */,
				841081B71EACA1DD00C8EB04 /* Release */,
			);
			defaultConfigurationIsVisible = 0;
		};
		841081B81EACA1DD00C8EB04 /* Build configuration list for PBXNativeTarget "Lab7_1Tests" */ = {
			isa = XCConfigurationList;
			buildConfigurations = (
				841081B91EACA1DD00C8EB04 /* Debug */,
				841081BA1EACA1DD00C8EB04 /* Release */,
			);
			defaultConfigurationIsVisible = 0;
		};
/* End XCConfigurationList section */
	};
	rootObject = 8410818A1EACA1DD00C8EB04 /* Project object */;
}
